// !$*UTF8*$!
{
	archiveVersion = 1;
	classes = {
	};
	objectVersion = 46;
	objects = {

/* Begin PBXBuildFile section */
		53AA1A491D25A4F800EE1FDE /* main.m in Sources */ = {isa = PBXBuildFile; fileRef = 53AA1A481D25A4F800EE1FDE /* main.m */; };
		53AA1A4C1D25A4F800EE1FDE /* AppDelegate.m in Sources */ = {isa = PBXBuildFile; fileRef = 53AA1A4B1D25A4F800EE1FDE /* AppDelegate.m */; };
		53AA1A4F1D25A4F800EE1FDE /* ViewController.m in Sources */ = {isa = PBXBuildFile; fileRef = 53AA1A4E1D25A4F800EE1FDE /* ViewController.m */; };
		53AA1A521D25A4F800EE1FDE /* Main.storyboard in Resources */ = {isa = PBXBuildFile; fileRef = 53AA1A501D25A4F800EE1FDE /* Main.storyboard */; };
		53AA1A541D25A4F800EE1FDE /* Assets.xcassets in Resources */ = {isa = PBXBuildFile; fileRef = 53AA1A531D25A4F800EE1FDE /* Assets.xcassets */; };
		53AA1A571D25A4F800EE1FDE /* LaunchScreen.storyboard in Resources */ = {isa = PBXBuildFile; fileRef = 53AA1A551D25A4F800EE1FDE /* LaunchScreen.storyboard */; };
/* End PBXBuildFile section */

/* Begin PBXFileReference section */
		53AA1A441D25A4F800EE1FDE /* RssMobile_iOS.app */ = {isa = PBXFileReference; explicitFileType = wrapper.application; includeInIndex = 0; path = RssMobile_iOS.app; sourceTree = BUILT_PRODUCTS_DIR; };
		53AA1A481D25A4F800EE1FDE /* main.m */ = {isa = PBXFileReference; lastKnownFileType = sourcecode.c.objc; path = main.m; sourceTree = "<group>"; };
		53AA1A4A1D25A4F800EE1FDE /* AppDelegate.h */ = {isa = PBXFileReference; lastKnownFileType = sourcecode.c.h; path = AppDelegate.h; sourceTree = "<group>"; };
		53AA1A4B1D25A4F800EE1FDE /* AppDelegate.m */ = {isa = PBXFileReference; lastKnownFileType = sourcecode.c.objc; path = AppDelegate.m; sourceTree = "<group>"; };
		53AA1A4D1D25A4F800EE1FDE /* ViewController.h */ = {isa = PBXFileReference; lastKnownFileType = sourcecode.c.h; path = ViewController.h; sourceTree = "<group>"; };
		53AA1A4E1D25A4F800EE1FDE /* ViewController.m */ = {isa = PBXFileReference; lastKnownFileType = sourcecode.c.objc; path = ViewController.m; sourceTree = "<group>"; };
		53AA1A511D25A4F800EE1FDE /* Base */ = {isa = PBXFileReference; lastKnownFileType = file.storyboard; name = Base; path = Base.lproj/Main.storyboard; sourceTree = "<group>"; };
		53AA1A531D25A4F800EE1FDE /* Assets.xcassets */ = {isa = PBXFileReference; lastKnownFileType = folder.assetcatalog; path = Assets.xcassets; sourceTree = "<group>"; };
		53AA1A561D25A4F800EE1FDE /* Base */ = {isa = PBXFileReference; lastKnownFileType = file.storyboard; name = Base; path = Base.lproj/LaunchScreen.storyboard; sourceTree = "<group>"; };
		53AA1A581D25A4F800EE1FDE /* Info.plist */ = {isa = PBXFileReference; lastKnownFileType = text.plist.xml; path = Info.plist; sourceTree = "<group>"; };
/* End PBXFileReference section */

/* Begin PBXFrameworksBuildPhase section */
		53AA1A411D25A4F800EE1FDE /* Frameworks */ = {
			isa = PBXFrameworksBuildPhase;
			buildActionMask = 2147483647;
			files = (
			);
			runOnlyForDeploymentPostprocessing = 0;
		};
/* End PBXFrameworksBuildPhase section */

/* Begin PBXGroup section */
		53AA1A3B1D25A4F800EE1FDE = {
			isa = PBXGroup;
			children = (
				53AA1A461D25A4F800EE1FDE /* RssMobile_iOS */,
				53AA1A451D25A4F800EE1FDE /* Products */,
			);
			sourceTree = "<group>";
		};
		53AA1A451D25A4F800EE1FDE /* Products */ = {
			isa = PBXGroup;
			children = (
				53AA1A441D25A4F800EE1FDE /* RssMobile_iOS.app */,
			);
			name = Products;
			sourceTree = "<group>";
		};
		53AA1A461D25A4F800EE1FDE /* RssMobile_iOS */ = {
			isa = PBXGroup;
			children = (
				53AA1A4A1D25A4F800EE1FDE /* AppDelegate.h */,
				53AA1A4B1D25A4F800EE1FDE /* AppDelegate.m */,
				53AA1A4D1D25A4F800EE1FDE /* ViewController.h */,
				53AA1A4E1D25A4F800EE1FDE /* ViewController.m */,
				53AA1A501D25A4F800EE1FDE /* Main.storyboard */,
				53AA1A531D25A4F800EE1FDE /* Assets.xcassets */,
				53AA1A551D25A4F800EE1FDE /* LaunchScreen.storyboard */,
				53AA1A581D25A4F800EE1FDE /* Info.plist */,
				53AA1A471D25A4F800EE1FDE /* Supporting Files */,
			);
			path = RssMobile_iOS;
			sourceTree = "<group>";
		};
		53AA1A471D25A4F800EE1FDE /* Supporting Files */ = {
			isa = PBXGroup;
			children = (
				53AA1A481D25A4F800EE1FDE /* main.m */,
			);
			name = "Supporting Files";
			sourceTree = "<group>";
		};
/* End PBXGroup section */

/* Begin PBXNativeTarget section */
		53AA1A431D25A4F800EE1FDE /* RssMobile_iOS */ = {
			isa = PBXNativeTarget;
			buildConfigurationList = 53AA1A5B1D25A4F800EE1FDE /* Build configuration list for PBXNativeTarget "RssMobile_iOS" */;
			buildPhases = (
				53AA1A401D25A4F800EE1FDE /* Sources */,
				53AA1A411D25A4F800EE1FDE /* Frameworks */,
				53AA1A421D25A4F800EE1FDE /* Resources */,
			);
			buildRules = (
			);
			dependencies = (
			);
			name = RssMobile_iOS;
			productName = RssMobile_iOS;
			productReference = 53AA1A441D25A4F800EE1FDE /* RssMobile_iOS.app */;
			productType = "com.apple.product-type.application";
		};
/* End PBXNativeTarget section */

/* Begin PBXProject section */
		53AA1A3C1D25A4F800EE1FDE /* Project object */ = {
			isa = PBXProject;
			attributes = {
				LastUpgradeCheck = 0720;
				ORGANIZATIONNAME = "Bhanu Pratap";
				TargetAttributes = {
					53AA1A431D25A4F800EE1FDE = {
						CreatedOnToolsVersion = 7.2;
						DevelopmentTeam = HSL6ZU66QE;
					};
				};
			};
			buildConfigurationList = 53AA1A3F1D25A4F800EE1FDE /* Build configuration list for PBXProject "RssMobile_iOS" */;
			compatibilityVersion = "Xcode 3.2";
			developmentRegion = English;
			hasScannedForEncodings = 0;
			knownRegions = (
				en,
				Base,
			);
			mainGroup = 53AA1A3B1D25A4F800EE1FDE;
			productRefGroup = 53AA1A451D25A4F800EE1FDE /* Products */;
			projectDirPath = "";
			projectRoot = "";
			targets = (
				53AA1A431D25A4F800EE1FDE /* RssMobile_iOS */,
			);
		};
/* End PBXProject section */

/* Begin PBXResourcesBuildPhase section */
		53AA1A421D25A4F800EE1FDE /* Resources */ = {
			isa = PBXResourcesBuildPhase;
			buildActionMask = 2147483647;
			files = (
				53AA1A571D25A4F800EE1FDE /* LaunchScreen.storyboard in Resources */,
				53AA1A541D25A4F800EE1FDE /* Assets.xcassets in Resources */,
				53AA1A521D25A4F800EE1FDE /* Main.storyboard in Resources */,
			);
			runOnlyForDeploymentPostprocessing = 0;
		};
/* End PBXResourcesBuildPhase section */

/* Begin PBXSourcesBuildPhase section */
		53AA1A401D25A4F800EE1FDE /* Sources */ = {
			isa = PBXSourcesBuildPhase;
			buildActionMask = 2147483647;
			files = (
				53AA1A4F1D25A4F800EE1FDE /* ViewController.m in Sources */,
				53AA1A4C1D25A4F800EE1FDE /* AppDelegate.m in Sources */,
				53AA1A491D25A4F800EE1FDE /* main.m in Sources */,
			);
			runOnlyForDeploymentPostprocessing = 0;
		};
/* End PBXSourcesBuildPhase section */

/* Begin PBXVariantGroup section */
		53AA1A501D25A4F800EE1FDE /* Main.storyboard */ = {
			isa = PBXVariantGroup;
			children = (
				53AA1A511D25A4F800EE1FDE /* Base */,
			);
			name = Main.storyboard;
			sourceTree = "<group>";
		};
		53AA1A551D25A4F800EE1FDE /* LaunchScreen.storyboard */ = {
			isa = PBXVariantGroup;
			children = (
				53AA1A561D25A4F800EE1FDE /* Base */,
			);
			name = LaunchScreen.storyboard;
			sourceTree = "<group>";
		};
/* End PBXVariantGroup section */

/* Begin XCBuildConfiguration section */
		53AA1A591D25A4F800EE1FDE /* Debug */ = {
			isa = XCBuildConfiguration;
			buildSettings = {
				ALWAYS_SEARCH_USER_PATHS = NO;
				CLANG_CXX_LANGUAGE_STANDARD = "gnu++0x";
				CLANG_CXX_LIBRARY = "libc++";
				CLANG_ENABLE_MODULES = YES;
				CLANG_ENABLE_OBJC_ARC = YES;
				CLANG_WARN_BOOL_CONVERSION = YES;
				CLANG_WARN_CONSTANT_CONVERSION = YES;
				CLANG_WARN_DIRECT_OBJC_ISA_USAGE = YES_ERROR;
				CLANG_WARN_EMPTY_BODY = YES;
				CLANG_WARN_ENUM_CONVERSION = YES;
				CLANG_WARN_INT_CONVERSION = YES;
				CLANG_WARN_OBJC_ROOT_CLASS = YES_ERROR;
				CLANG_WARN_UNREACHABLE_CODE = YES;
				CLANG_WARN__DUPLICATE_METHOD_MATCH = YES;
				"CODE_SIGN_IDENTITY[sdk=iphoneos*]" = "iPhone Developer";
				COPY_PHASE_STRIP = NO;
				DEBUG_INFORMATION_FORMAT = dwarf;
				ENABLE_STRICT_OBJC_MSGSEND = YES;
				ENABLE_TESTABILITY = YES;
				GCC_C_LANGUAGE_STANDARD = gnu99;
				GCC_DYNAMIC_NO_PIC = NO;
				GCC_NO_COMMON_BLOCKS = YES;
				GCC_OPTIMIZATION_LEVEL = 0;
				GCC_PREPROCESSOR_DEFINITIONS = (
					"DEBUG=1",
					"$(inherited)",
				);
				GCC_WARN_64_TO_32_BIT_CONVERSION = YES;
				GCC_WARN_ABOUT_RETURN_TYPE = YES_ERROR;
				GCC_WARN_UNDECLARED_SELECTOR = YES;
				GCC_WARN_UNINITIALIZED_AUTOS = YES_AGGRESSIVE;
				GCC_WARN_UNUSED_FUNCTION = YES;
				GCC_WARN_UNUSED_VARIABLE = YES;
				IPHONEOS_DEPLOYMENT_TARGET = 9.2;
				MTL_ENABLE_DEBUG_INFO = YES;
				ONLY_ACTIVE_ARCH = YES;
				SDKROOT = iphoneos;
				TARGETED_DEVICE_FAMILY = "1,2";
			};
			name = Debug;
		};
		53AA1A5A1D25A4F800EE1FDE /* Release */ = {
			isa = XCBuildConfiguration;
			buildSettings = {
				ALWAYS_SEARCH_USER_PATHS = NO;
				CLANG_CXX_LANGUAGE_STANDARD = "gnu++0x";
				CLANG_CXX_LIBRARY = "libc++";
				CLANG_ENABLE_MODULES = YES;
				CLANG_ENABLE_OBJC_ARC = YES;
				CLANG_WARN_BOOL_CONVERSION = YES;
				CLANG_WARN_CONSTANT_CONVERSION = YES;
				CLANG_WARN_DIRECT_OBJC_ISA_USAGE = YES_ERROR;
				CLANG_WARN_EMPTY_BODY = YES;
				CLANG_WARN_ENUM_CONVERSION = YES;
				CLANG_WARN_INT_CONVERSION = YES;
				CLANG_WARN_OBJC_ROOT_CLASS = YES_ERROR;
				CLANG_WARN_UNREACHABLE_CODE = YES;
				CLANG_WARN__DUPLICATE_METHOD_MATCH = YES;
				"CODE_SIGN_IDENTITY[sdk=iphoneos*]" = "iPhone Developer";
				COPY_PHASE_STRIP = NO;
				DEBUG_INFORMATION_FORMAT = "dwarf-with-dsym";
				ENABLE_NS_ASSERTIONS = NO;
				ENABLE_STRICT_OBJC_MSGSEND = YES;
				GCC_C_LANGUAGE_STANDARD = gnu99;
				GCC_NO_COMMON_BLOCKS = YES;
				GCC_WARN_64_TO_32_BIT_CONVERSION = YES;
				GCC_WARN_ABOUT_RETURN_TYPE = YES_ERROR;
				GCC_WARN_UNDECLARED_SELECTOR = YES;
				GCC_WARN_UNINITIALIZED_AUTOS = YES_AGGRESSIVE;
				GCC_WARN_UNUSED_FUNCTION = YES;
				GCC_WARN_UNUSED_VARIABLE = YES;
				IPHONEOS_DEPLOYMENT_TARGET = 9.2;
				MTL_ENABLE_DEBUG_INFO = NO;
				SDKROOT = iphoneos;
				TARGETED_DEVICE_FAMILY = "1,2";
				VALIDATE_PRODUCT = YES;
			};
			name = Release;
		};
		53AA1A5C1D25A4F800EE1FDE /* Debug */ = {
			isa = XCBuildConfiguration;
			buildSettings = {
				ASSETCATALOG_COMPILER_APPICON_NAME = AppIcon;
				INFOPLIST_FILE = RssMobile_iOS/Info.plist;
				LD_RUNPATH_SEARCH_PATHS = "$(inherited) @executable_path/Frameworks";
				PRODUCT_BUNDLE_IDENTIFIER = "bhanu.RssMobile-iOS";
				PRODUCT_NAME = "$(TARGET_NAME)";
			};
			name = Debug;
		};
		53AA1A5D1D25A4F800EE1FDE /* Release */ = {
			isa = XCBuildConfiguration;
			buildSettings = {
				ASSETCATALOG_COMPILER_APPICON_NAME = AppIcon;
				INFOPLIST_FILE = RssMobile_iOS/Info.plist;
				LD_RUNPATH_SEARCH_PATHS = "$(inherited) @executable_path/Frameworks";
				PRODUCT_BUNDLE_IDENTIFIER = "bhanu.RssMobile-iOS";
				PRODUCT_NAME = "$(TARGET_NAME)";
			};
			name = Release;
		};
/* End XCBuildConfiguration section */

/* Begin XCConfigurationList section */
		53AA1A3F1D25A4F800EE1FDE /* Build configuration list for PBXProject "RssMobile_iOS" */ = {
			isa = XCConfigurationList;
			buildConfigurations = (
				53AA1A591D25A4F800EE1FDE /* Debug */,
				53AA1A5A1D25A4F800EE1FDE /* Release */,
			);
			defaultConfigurationIsVisible = 0;
			defaultConfigurationName = Release;
		};
		53AA1A5B1D25A4F800EE1FDE /* Build configuration list for PBXNativeTarget "RssMobile_iOS" */ = {
			isa = XCConfigurationList;
			buildConfigurations = (
				53AA1A5C1D25A4F800EE1FDE /* Debug */,
				53AA1A5D1D25A4F800EE1FDE /* Release */,
			);
			defaultConfigurationIsVisible = 0;
		};
/* End XCConfigurationList section */
	};
	rootObject = 53AA1A3C1D25A4F800EE1FDE /* Project object */;
}
